
Microsoft Visual Studio Solution File, Format Version 12.00
# Visual Studio Version 16
VisualStudioVersion = 16.0.31205.134
MinimumVisualStudioVersion = 10.0.40219.1
Project("{9A19103F-16F7-4668-BE54-9A1E7A4F7556}") = "ApiPreAceleracionAlkemy", "ApiPreAceleracionAlkemy.csproj", "{F50FBF27-5FE9-4C35-BC6F-50955E7767CA}"
EndProject
Project("{FAE04EC0-301F-11D3-BF4B-00C04F79EFBC}") = "TestDisney", "..\TestDisney\TestDisney.csproj", "{24B40A27-30B4-4D57-B1E1-0FAA135DA801}"
EndProject
Global
	GlobalSection(SolutionConfigurationPlatforms) = preSolution
		Debug|Any CPU = Debug|Any CPU
		Release|Any CPU = Release|Any CPU
	EndGlobalSection
	GlobalSection(ProjectConfigurationPlatforms) = postSolution
		{F50FBF27-5FE9-4C35-BC6F-50955E7767CA}.Debug|Any CPU.ActiveCfg = Debug|Any CPU
		{F50FBF27-5FE9-4C35-BC6F-50955E7767CA}.Debug|Any CPU.Build.0 = Debug|Any CPU
		{F50FBF27-5FE9-4C35-BC6F-50955E7767CA}.Release|Any CPU.ActiveCfg = Release|Any CPU
		{F50FBF27-5FE9-4C35-BC6F-50955E7767CA}.Release|Any CPU.Build.0 = Release|Any CPU
		{24B40A27-30B4-4D57-B1E1-0FAA135DA801}.Debug|Any CPU.ActiveCfg = Debug|Any CPU
		{24B40A27-30B4-4D57-B1E1-0FAA135DA801}.Debug|Any CPU.Build.0 = Debug|Any CPU
		{24B40A27-30B4-4D57-B1E1-0FAA135DA801}.Release|Any CPU.ActiveCfg = Release|Any CPU
		{24B40A27-30B4-4D57-B1E1-0FAA135DA801}.Release|Any CPU.Build.0 = Release|Any CPU
	EndGlobalSection
	GlobalSection(SolutionProperties) = preSolution
		HideSolutionNode = FALSE
	EndGlobalSection
	GlobalSection(ExtensibilityGlobals) = postSolution
		SolutionGuid = {97A5DF95-71E3-4E4E-8259-08CF8E975402}
	EndGlobalSection
EndGlobal
